
Microsoft Visual Studio Solution File, Format Version 12.00
# Visual Studio Version 16
VisualStudioVersion = 16.0.33130.400
MinimumVisualStudioVersion = 10.0.40219.1
Project("{8BC9CEB8-8B4A-11D0-8D11-00A0C91BC942}") = "Item01", "Item01\Item01.vcxproj", "{48D5A3D4-2AED-44CD-9DCE-9E4606B7B517}"
EndProject
Project("{8BC9CEB8-8B4A-11D0-8D11-00A0C91BC942}") = "Item02", "Item02\Item02.vcxproj", "{E62BB97F-C5F4-42CF-A2C6-E8755E9A7B4C}"
EndProject
Project("{8BC9CEB8-8B4A-11D0-8D11-00A0C91BC942}") = "Item03", "Item03\Item03.vcxproj", "{BD29DD33-DFC7-4BB1-8AC4-F59B786BAC6F}"
EndProject
Project("{8BC9CEB8-8B4A-11D0-8D11-00A0C91BC942}") = "Item04", "Item04\Item04.vcxproj", "{42F68621-DA10-4943-94F6-4450C83F837B}"
EndProject
Project("{8BC9CEB8-8B4A-11D0-8D11-00A0C91BC942}") = "Item05", "Item05\Item05.vcxproj", "{B033A3BC-3935-441B-9E80-0063982A68A9}"
EndProject
Project("{8BC9CEB8-8B4A-11D0-8D11-00A0C91BC942}") = "Item06", "Item06\Item06.vcxproj", "{B48DA4F4-F09C-4F11-8055-F9FB0CD14350}"
EndProject
Project("{8BC9CEB8-8B4A-11D0-8D11-00A0C91BC942}") = "Item07", "Item07\Item07.vcxproj", "{1A8B3D74-BF71-4429-A257-A965AC75A84C}"
EndProject
Project("{8BC9CEB8-8B4A-11D0-8D11-00A0C91BC942}") = "Item08", "Item08\Item08.vcxproj", "{7AC19DF1-7878-420F-B75C-CAA60290D915}"
EndProject
Project("{8BC9CEB8-8B4A-11D0-8D11-00A0C91BC942}") = "Item09", "Item09\Item09.vcxproj", "{4755A352-2199-4B61-9FEA-CB9E543736B3}"
EndProject
Project("{8BC9CEB8-8B4A-11D0-8D11-00A0C91BC942}") = "Item10", "Item10\Item10.vcxproj", "{A182834A-5D70-469E-BE7B-16C7FBB3D837}"
EndProject
Project("{8BC9CEB8-8B4A-11D0-8D11-00A0C91BC942}") = "Item11", "Item11\Item11.vcxproj", "{61CB0160-36DC-49FA-8317-5AA5D04A731B}"
EndProject
Project("{8BC9CEB8-8B4A-11D0-8D11-00A0C91BC942}") = "Item12", "Item12\Item12.vcxproj", "{095D321B-4B98-4173-BE28-E88614FFC13A}"
EndProject
Project("{8BC9CEB8-8B4A-11D0-8D11-00A0C91BC942}") = "Item13", "Item13\Item13.vcxproj", "{70242F02-E282-4BBF-BBFB-AA902FB71BE9}"
EndProject
Project("{8BC9CEB8-8B4A-11D0-8D11-00A0C91BC942}") = "Item14", "Item14\Item14.vcxproj", "{72014355-3A23-4E54-8249-65042773A61D}"
EndProject
Project("{8BC9CEB8-8B4A-11D0-8D11-00A0C91BC942}") = "Item15", "Item15\Item15.vcxproj", "{492B9AC0-9972-41E1-BD9B-60E4D32ECAF4}"
EndProject
Project("{8BC9CEB8-8B4A-11D0-8D11-00A0C91BC942}") = "Item16", "Item16\Item16.vcxproj", "{9DECEAFF-AD5B-4DFA-A839-F01B93138566}"
EndProject
Project("{8BC9CEB8-8B4A-11D0-8D11-00A0C91BC942}") = "Item17", "Item17\Item17.vcxproj", "{6DDFBA8B-485D-4832-A20D-C3530DFF77B4}"
EndProject
Project("{8BC9CEB8-8B4A-11D0-8D11-00A0C91BC942}") = "Item18", "Item18\Item18.vcxproj", "{89183796-378B-4A65-8873-DB1E3F24C1C3}"
EndProject
Project("{8BC9CEB8-8B4A-11D0-8D11-00A0C91BC942}") = "Item19", "Item19\Item19.vcxproj", "{F4C82CAE-FC3E-49EE-AE4D-482768E4B7D3}"
EndProject
Project("{8BC9CEB8-8B4A-11D0-8D11-00A0C91BC942}") = "Item20", "Item20\Item20.vcxproj", "{E5DC088D-FAA3-43FD-A50B-9A6596AAEEEE}"
EndProject
Project("{8BC9CEB8-8B4A-11D0-8D11-00A0C91BC942}") = "Item21", "Item21\Item21.vcxproj", "{B2FE5AB7-4C39-4F81-A219-B8DD7A1E23DD}"
EndProject
Project("{8BC9CEB8-8B4A-11D0-8D11-00A0C91BC942}") = "Item22", "Item22\Item22.vcxproj", "{5622F1E9-BC80-4B26-9323-F3A6B449AACE}"
EndProject
Project("{8BC9CEB8-8B4A-11D0-8D11-00A0C91BC942}") = "Item23", "Item23\Item23.vcxproj", "{06F86E8D-6F5C-4E91-8ECE-E8C2EED23E86}"
EndProject
Project("{8BC9CEB8-8B4A-11D0-8D11-00A0C91BC942}") = "Item24", "Item24\Item24.vcxproj", "{C99DA929-BBA2-4B46-B368-4D6C37EC510B}"
EndProject
Project("{8BC9CEB8-8B4A-11D0-8D11-00A0C91BC942}") = "Item25", "Item25\Item25.vcxproj", "{1D4E880F-C48D-4D65-92EB-BDE303276A83}"
EndProject
Project("{8BC9CEB8-8B4A-11D0-8D11-00A0C91BC942}") = "Item26", "Item26\Item26.vcxproj", "{BE86B53D-4CA9-4B23-8E3B-1175C7673990}"
EndProject
Project("{8BC9CEB8-8B4A-11D0-8D11-00A0C91BC942}") = "Item27", "Item27\Item27.vcxproj", "{117B34D5-8C39-40FE-9D45-F27B007EAE65}"
EndProject
Project("{8BC9CEB8-8B4A-11D0-8D11-00A0C91BC942}") = "Item28", "Item28\Item28.vcxproj", "{A513BF46-3DFE-46BC-AC43-C999983ECEC2}"
EndProject
Project("{8BC9CEB8-8B4A-11D0-8D11-00A0C91BC942}") = "Item29", "Item29\Item29.vcxproj", "{FA61D73E-D3AB-4C18-83B5-98154220A482}"
EndProject
Project("{8BC9CEB8-8B4A-11D0-8D11-00A0C91BC942}") = "Item30", "Item30\Item30.vcxproj", "{D2211778-B316-40E0-BA4E-AD595BB8C115}"
EndProject
Project("{8BC9CEB8-8B4A-11D0-8D11-00A0C91BC942}") = "Item31", "Item31\Item31.vcxproj", "{1FF6D6B8-9F3D-49A7-B2DC-5EE2127F8AB4}"
EndProject
Project("{8BC9CEB8-8B4A-11D0-8D11-00A0C91BC942}") = "Item32", "Item32\Item32.vcxproj", "{6820BB07-C86F-453E-A8EB-19F1BE75F94A}"
EndProject
Project("{8BC9CEB8-8B4A-11D0-8D11-00A0C91BC942}") = "Item33", "Item33\Item33.vcxproj", "{013ED07E-8D1D-4784-8F2F-5B7D6244E9EE}"
EndProject
Project("{8BC9CEB8-8B4A-11D0-8D11-00A0C91BC942}") = "Item34", "Item34\Item34.vcxproj", "{9F01BF2E-F189-44B0-9BA0-AD44C50B6915}"
EndProject
Project("{8BC9CEB8-8B4A-11D0-8D11-00A0C91BC942}") = "Item35", "Item35\Item35.vcxproj", "{EB5CF178-057A-43AF-95DB-B18095383F5C}"
EndProject
Project("{8BC9CEB8-8B4A-11D0-8D11-00A0C91BC942}") = "Item36", "Item36\Item36.vcxproj", "{4FC44B12-C806-49E9-9EBB-83F0EB562085}"
EndProject
Project("{8BC9CEB8-8B4A-11D0-8D11-00A0C91BC942}") = "Item37", "Item37\Item37.vcxproj", "{24290A38-D567-4660-A1D3-EEAEAE7653A5}"
EndProject
Project("{8BC9CEB8-8B4A-11D0-8D11-00A0C91BC942}") = "Item38", "Item38\Item38.vcxproj", "{D35BF086-656A-498B-A572-8D36C89ECA53}"
EndProject
Project("{8BC9CEB8-8B4A-11D0-8D11-00A0C91BC942}") = "Item39", "Item39\Item39.vcxproj", "{44F4B1FF-CB9D-4381-B2B6-7BF980235075}"
EndProject
Project("{8BC9CEB8-8B4A-11D0-8D11-00A0C91BC942}") = "Item40", "Item40\Item40.vcxproj", "{9DC3A996-3C64-4B2F-BC4F-7FD737DEC4AA}"
EndProject
Project("{8BC9CEB8-8B4A-11D0-8D11-00A0C91BC942}") = "Item41", "Item41\Item41.vcxproj", "{25E3C5EE-91F4-4314-A467-6F329D8B8080}"
EndProject
Project("{8BC9CEB8-8B4A-11D0-8D11-00A0C91BC942}") = "Item42", "Item42\Item42.vcxproj", "{2396B44B-D739-4011-AC9E-C18BE683AB25}"
EndProject
Project("{8BC9CEB8-8B4A-11D0-8D11-00A0C91BC942}") = "Item43", "Item43\Item43.vcxproj", "{D14C99A3-11FD-451E-89DF-8E7E75253975}"
EndProject
Project("{8BC9CEB8-8B4A-11D0-8D11-00A0C91BC942}") = "Item44", "Item44\Item44.vcxproj", "{EC174F41-4AEE-4D43-B656-EAC06182C6CF}"
EndProject
Project("{8BC9CEB8-8B4A-11D0-8D11-00A0C91BC942}") = "Item45", "Item45\Item45.vcxproj", "{BBC21C31-3FAF-4C84-B6DC-EDD92C9B10ED}"
EndProject
Project("{8BC9CEB8-8B4A-11D0-8D11-00A0C91BC942}") = "Item46", "Item46\Item46.vcxproj", "{9DD9B18E-4516-4993-8A68-BD1E0ECE00A9}"
EndProject
Project("{8BC9CEB8-8B4A-11D0-8D11-00A0C91BC942}") = "Item47", "Item47\Item47.vcxproj", "{F6419E0A-77D3-4758-B126-CE0B399538FB}"
EndProject
Project("{8BC9CEB8-8B4A-11D0-8D11-00A0C91BC942}") = "Item48", "Item48\Item48.vcxproj", "{4FC9BD2A-6D7D-4C20-ADCE-562941722D73}"
EndProject
Project("{8BC9CEB8-8B4A-11D0-8D11-00A0C91BC942}") = "Item49", "Item49\Item49.vcxproj", "{6D19DA52-19EE-4D56-8A72-DE7F6530F87A}"
EndProject
Project("{8BC9CEB8-8B4A-11D0-8D11-00A0C91BC942}") = "Item50", "Item50\Item50.vcxproj", "{0946C8FD-B64A-4104-9666-8B5F3C9EAC9E}"
EndProject
Project("{8BC9CEB8-8B4A-11D0-8D11-00A0C91BC942}") = "Item51", "Item51\Item51.vcxproj", "{FE5266EF-3DFA-4A2E-A333-A8B9F938E1DF}"
EndProject
Project("{8BC9CEB8-8B4A-11D0-8D11-00A0C91BC942}") = "Item52", "Item52\Item52.vcxproj", "{13E81905-7785-472F-8674-30382454B4B5}"
EndProject
Project("{8BC9CEB8-8B4A-11D0-8D11-00A0C91BC942}") = "Item53", "Item53\Item53.vcxproj", "{035D7BD4-7BDA-454D-9400-5AD391F043BB}"
EndProject
Project("{8BC9CEB8-8B4A-11D0-8D11-00A0C91BC942}") = "Item54", "Item54\Item54.vcxproj", "{99B7C9C6-45BB-4145-B88C-3F89E6660A06}"
EndProject
Project("{8BC9CEB8-8B4A-11D0-8D11-00A0C91BC942}") = "Item55", "Item55\Item55.vcxproj", "{73CB8CD9-94B5-491E-AB74-5389A2868B03}"
EndProject
Global
	GlobalSection(SolutionConfigurationPlatforms) = preSolution
		Debug|x64 = Debug|x64
		Debug|x86 = Debug|x86
		Release|x64 = Release|x64
		Release|x86 = Release|x86
	EndGlobalSection
	GlobalSection(ProjectConfigurationPlatforms) = postSolution
		{48D5A3D4-2AED-44CD-9DCE-9E4606B7B517}.Debug|x64.ActiveCfg = Debug|x64
		{48D5A3D4-2AED-44CD-9DCE-9E4606B7B517}.Debug|x64.Build.0 = Debug|x64
		{48D5A3D4-2AED-44CD-9DCE-9E4606B7B517}.Debug|x86.ActiveCfg = Debug|Win32
		{48D5A3D4-2AED-44CD-9DCE-9E4606B7B517}.Debug|x86.Build.0 = Debug|Win32
		{48D5A3D4-2AED-44CD-9DCE-9E4606B7B517}.Release|x64.ActiveCfg = Release|x64
		{48D5A3D4-2AED-44CD-9DCE-9E4606B7B517}.Release|x64.Build.0 = Release|x64
		{48D5A3D4-2AED-44CD-9DCE-9E4606B7B517}.Release|x86.ActiveCfg = Release|Win32
		{48D5A3D4-2AED-44CD-9DCE-9E4606B7B517}.Release|x86.Build.0 = Release|Win32
		{E62BB97F-C5F4-42CF-A2C6-E8755E9A7B4C}.Debug|x64.ActiveCfg = Debug|x64
		{E62BB97F-C5F4-42CF-A2C6-E8755E9A7B4C}.Debug|x64.Build.0 = Debug|x64
		{E62BB97F-C5F4-42CF-A2C6-E8755E9A7B4C}.Debug|x86.ActiveCfg = Debug|Win32
		{E62BB97F-C5F4-42CF-A2C6-E8755E9A7B4C}.Debug|x86.Build.0 = Debug|Win32
		{E62BB97F-C5F4-42CF-A2C6-E8755E9A7B4C}.Release|x64.ActiveCfg = Release|x64
		{E62BB97F-C5F4-42CF-A2C6-E8755E9A7B4C}.Release|x64.Build.0 = Release|x64
		{E62BB97F-C5F4-42CF-A2C6-E8755E9A7B4C}.Release|x86.ActiveCfg = Release|Win32
		{E62BB97F-C5F4-42CF-A2C6-E8755E9A7B4C}.Release|x86.Build.0 = Release|Win32
		{BD29DD33-DFC7-4BB1-8AC4-F59B786BAC6F}.Debug|x64.ActiveCfg = Debug|x64
		{BD29DD33-DFC7-4BB1-8AC4-F59B786BAC6F}.Debug|x64.Build.0 = Debug|x64
		{BD29DD33-DFC7-4BB1-8AC4-F59B786BAC6F}.Debug|x86.ActiveCfg = Debug|Win32
		{BD29DD33-DFC7-4BB1-8AC4-F59B786BAC6F}.Debug|x86.Build.0 = Debug|Win32
		{BD29DD33-DFC7-4BB1-8AC4-F59B786BAC6F}.Release|x64.ActiveCfg = Release|x64
		{BD29DD33-DFC7-4BB1-8AC4-F59B786BAC6F}.Release|x64.Build.0 = Release|x64
		{BD29DD33-DFC7-4BB1-8AC4-F59B786BAC6F}.Release|x86.ActiveCfg = Release|Win32
		{BD29DD33-DFC7-4BB1-8AC4-F59B786BAC6F}.Release|x86.Build.0 = Release|Win32
		{42F68621-DA10-4943-94F6-4450C83F837B}.Debug|x64.ActiveCfg = Debug|x64
		{42F68621-DA10-4943-94F6-4450C83F837B}.Debug|x64.Build.0 = Debug|x64
		{42F68621-DA10-4943-94F6-4450C83F837B}.Debug|x86.ActiveCfg = Debug|Win32
		{42F68621-DA10-4943-94F6-4450C83F837B}.Debug|x86.Build.0 = Debug|Win32
		{42F68621-DA10-4943-94F6-4450C83F837B}.Release|x64.ActiveCfg = Release|x64
		{42F68621-DA10-4943-94F6-4450C83F837B}.Release|x64.Build.0 = Release|x64
		{42F68621-DA10-4943-94F6-4450C83F837B}.Release|x86.ActiveCfg = Release|Win32
		{42F68621-DA10-4943-94F6-4450C83F837B}.Release|x86.Build.0 = Release|Win32
		{B033A3BC-3935-441B-9E80-0063982A68A9}.Debug|x64.ActiveCfg = Debug|x64
		{B033A3BC-3935-441B-9E80-0063982A68A9}.Debug|x64.Build.0 = Debug|x64
		{B033A3BC-3935-441B-9E80-0063982A68A9}.Debug|x86.ActiveCfg = Debug|Win32
		{B033A3BC-3935-441B-9E80-0063982A68A9}.Debug|x86.Build.0 = Debug|Win32
		{B033A3BC-3935-441B-9E80-0063982A68A9}.Release|x64.ActiveCfg = Release|x64
		{B033A3BC-3935-441B-9E80-0063982A68A9}.Release|x64.Build.0 = Release|x64
		{B033A3BC-3935-441B-9E80-0063982A68A9}.Release|x86.ActiveCfg = Release|Win32
		{B033A3BC-3935-441B-9E80-0063982A68A9}.Release|x86.Build.0 = Release|Win32
		{B48DA4F4-F09C-4F11-8055-F9FB0CD14350}.Debug|x64.ActiveCfg = Debug|x64
		{B48DA4F4-F09C-4F11-8055-F9FB0CD14350}.Debug|x64.Build.0 = Debug|x64
		{B48DA4F4-F09C-4F11-8055-F9FB0CD14350}.Debug|x86.ActiveCfg = Debug|Win32
		{B48DA4F4-F09C-4F11-8055-F9FB0CD14350}.Debug|x86.Build.0 = Debug|Win32
		{B48DA4F4-F09C-4F11-8055-F9FB0CD14350}.Release|x64.ActiveCfg = Release|x64
		{B48DA4F4-F09C-4F11-8055-F9FB0CD14350}.Release|x64.Build.0 = Release|x64
		{B48DA4F4-F09C-4F11-8055-F9FB0CD14350}.Release|x86.ActiveCfg = Release|Win32
		{B48DA4F4-F09C-4F11-8055-F9FB0CD14350}.Release|x86.Build.0 = Release|Win32
		{1A8B3D74-BF71-4429-A257-A965AC75A84C}.Debug|x64.ActiveCfg = Debug|x64
		{1A8B3D74-BF71-4429-A257-A965AC75A84C}.Debug|x64.Build.0 = Debug|x64
		{1A8B3D74-BF71-4429-A257-A965AC75A84C}.Debug|x86.ActiveCfg = Debug|Win32
		{1A8B3D74-BF71-4429-A257-A965AC75A84C}.Debug|x86.Build.0 = Debug|Win32
		{1A8B3D74-BF71-4429-A257-A965AC75A84C}.Release|x64.ActiveCfg = Release|x64
		{1A8B3D74-BF71-4429-A257-A965AC75A84C}.Release|x64.Build.0 = Release|x64
		{1A8B3D74-BF71-4429-A257-A965AC75A84C}.Release|x86.ActiveCfg = Release|Win32
		{1A8B3D74-BF71-4429-A257-A965AC75A84C}.Release|x86.Build.0 = Release|Win32
		{7AC19DF1-7878-420F-B75C-CAA60290D915}.Debug|x64.ActiveCfg = Debug|x64
		{7AC19DF1-7878-420F-B75C-CAA60290D915}.Debug|x64.Build.0 = Debug|x64
		{7AC19DF1-7878-420F-B75C-CAA60290D915}.Debug|x86.ActiveCfg = Debug|Win32
		{7AC19DF1-7878-420F-B75C-CAA60290D915}.Debug|x86.Build.0 = Debug|Win32
		{7AC19DF1-7878-420F-B75C-CAA60290D915}.Release|x64.ActiveCfg = Release|x64
		{7AC19DF1-7878-420F-B75C-CAA60290D915}.Release|x64.Build.0 = Release|x64
		{7AC19DF1-7878-420F-B75C-CAA60290D915}.Release|x86.ActiveCfg = Release|Win32
		{7AC19DF1-7878-420F-B75C-CAA60290D915}.Release|x86.Build.0 = Release|Win32
		{4755A352-2199-4B61-9FEA-CB9E543736B3}.Debug|x64.ActiveCfg = Debug|x64
		{4755A352-2199-4B61-9FEA-CB9E543736B3}.Debug|x64.Build.0 = Debug|x64
		{4755A352-2199-4B61-9FEA-CB9E543736B3}.Debug|x86.ActiveCfg = Debug|Win32
		{4755A352-2199-4B61-9FEA-CB9E543736B3}.Debug|x86.Build.0 = Debug|Win32
		{4755A352-2199-4B61-9FEA-CB9E543736B3}.Release|x64.ActiveCfg = Release|x64
		{4755A352-2199-4B61-9FEA-CB9E543736B3}.Release|x64.Build.0 = Release|x64
		{4755A352-2199-4B61-9FEA-CB9E543736B3}.Release|x86.ActiveCfg = Release|Win32
		{4755A352-2199-4B61-9FEA-CB9E543736B3}.Release|x86.Build.0 = Release|Win32
		{A182834A-5D70-469E-BE7B-16C7FBB3D837}.Debug|x64.ActiveCfg = Debug|x64
		{A182834A-5D70-469E-BE7B-16C7FBB3D837}.Debug|x64.Build.0 = Debug|x64
		{A182834A-5D70-469E-BE7B-16C7FBB3D837}.Debug|x86.ActiveCfg = Debug|Win32
		{A182834A-5D70-469E-BE7B-16C7FBB3D837}.Debug|x86.Build.0 = Debug|Win32
		{A182834A-5D70-469E-BE7B-16C7FBB3D837}.Release|x64.ActiveCfg = Release|x64
		{A182834A-5D70-469E-BE7B-16C7FBB3D837}.Release|x64.Build.0 = Release|x64
		{A182834A-5D70-469E-BE7B-16C7FBB3D837}.Release|x86.ActiveCfg = Release|Win32
		{A182834A-5D70-469E-BE7B-16C7FBB3D837}.Release|x86.Build.0 = Release|Win32
		{61CB0160-36DC-49FA-8317-5AA5D04A731B}.Debug|x64.ActiveCfg = Debug|x64
		{61CB0160-36DC-49FA-8317-5AA5D04A731B}.Debug|x64.Build.0 = Debug|x64
		{61CB0160-36DC-49FA-8317-5AA5D04A731B}.Debug|x86.ActiveCfg = Debug|Win32
		{61CB0160-36DC-49FA-8317-5AA5D04A731B}.Debug|x86.Build.0 = Debug|Win32
		{61CB0160-36DC-49FA-8317-5AA5D04A731B}.Release|x64.ActiveCfg = Release|x64
		{61CB0160-36DC-49FA-8317-5AA5D04A731B}.Release|x64.Build.0 = Release|x64
		{61CB0160-36DC-49FA-8317-5AA5D04A731B}.Release|x86.ActiveCfg = Release|Win32
		{61CB0160-36DC-49FA-8317-5AA5D04A731B}.Release|x86.Build.0 = Release|Win32
		{095D321B-4B98-4173-BE28-E88614FFC13A}.Debug|x64.ActiveCfg = Debug|x64
		{095D321B-4B98-4173-BE28-E88614FFC13A}.Debug|x64.Build.0 = Debug|x64
		{095D321B-4B98-4173-BE28-E88614FFC13A}.Debug|x86.ActiveCfg = Debug|Win32
		{095D321B-4B98-4173-BE28-E88614FFC13A}.Debug|x86.Build.0 = Debug|Win32
		{095D321B-4B98-4173-BE28-E88614FFC13A}.Release|x64.ActiveCfg = Release|x64
		{095D321B-4B98-4173-BE28-E88614FFC13A}.Release|x64.Build.0 = Release|x64
		{095D321B-4B98-4173-BE28-E88614FFC13A}.Release|x86.ActiveCfg = Release|Win32
		{095D321B-4B98-4173-BE28-E88614FFC13A}.Release|x86.Build.0 = Release|Win32
		{70242F02-E282-4BBF-BBFB-AA902FB71BE9}.Debug|x64.ActiveCfg = Debug|x64
		{70242F02-E282-4BBF-BBFB-AA902FB71BE9}.Debug|x64.Build.0 = Debug|x64
		{70242F02-E282-4BBF-BBFB-AA902FB71BE9}.Debug|x86.ActiveCfg = Debug|Win32
		{70242F02-E282-4BBF-BBFB-AA902FB71BE9}.Debug|x86.Build.0 = Debug|Win32
		{70242F02-E282-4BBF-BBFB-AA902FB71BE9}.Release|x64.ActiveCfg = Release|x64
		{70242F02-E282-4BBF-BBFB-AA902FB71BE9}.Release|x64.Build.0 = Release|x64
		{70242F02-E282-4BBF-BBFB-AA902FB71BE9}.Release|x86.ActiveCfg = Release|Win32
		{70242F02-E282-4BBF-BBFB-AA902FB71BE9}.Release|x86.Build.0 = Release|Win32
		{72014355-3A23-4E54-8249-65042773A61D}.Debug|x64.ActiveCfg = Debug|x64
		{72014355-3A23-4E54-8249-65042773A61D}.Debug|x64.Build.0 = Debug|x64
		{72014355-3A23-4E54-8249-65042773A61D}.Debug|x86.ActiveCfg = Debug|Win32
		{72014355-3A23-4E54-8249-65042773A61D}.Debug|x86.Build.0 = Debug|Win32
		{72014355-3A23-4E54-8249-65042773A61D}.Release|x64.ActiveCfg = Release|x64
		{72014355-3A23-4E54-8249-65042773A61D}.Release|x64.Build.0 = Release|x64
		{72014355-3A23-4E54-8249-65042773A61D}.Release|x86.ActiveCfg = Release|Win32
		{72014355-3A23-4E54-8249-65042773A61D}.Release|x86.Build.0 = Release|Win32
		{492B9AC0-9972-41E1-BD9B-60E4D32ECAF4}.Debug|x64.ActiveCfg = Debug|x64
		{492B9AC0-9972-41E1-BD9B-60E4D32ECAF4}.Debug|x64.Build.0 = Debug|x64
		{492B9AC0-9972-41E1-BD9B-60E4D32ECAF4}.Debug|x86.ActiveCfg = Debug|Win32
		{492B9AC0-9972-41E1-BD9B-60E4D32ECAF4}.Debug|x86.Build.0 = Debug|Win32
		{492B9AC0-9972-41E1-BD9B-60E4D32ECAF4}.Release|x64.ActiveCfg = Release|x64
		{492B9AC0-9972-41E1-BD9B-60E4D32ECAF4}.Release|x64.Build.0 = Release|x64
		{492B9AC0-9972-41E1-BD9B-60E4D32ECAF4}.Release|x86.ActiveCfg = Release|Win32
		{492B9AC0-9972-41E1-BD9B-60E4D32ECAF4}.Release|x86.Build.0 = Release|Win32
		{9DECEAFF-AD5B-4DFA-A839-F01B93138566}.Debug|x64.ActiveCfg = Debug|x64
		{9DECEAFF-AD5B-4DFA-A839-F01B93138566}.Debug|x64.Build.0 = Debug|x64
		{9DECEAFF-AD5B-4DFA-A839-F01B93138566}.Debug|x86.ActiveCfg = Debug|Win32
		{9DECEAFF-AD5B-4DFA-A839-F01B93138566}.Debug|x86.Build.0 = Debug|Win32
		{9DECEAFF-AD5B-4DFA-A839-F01B93138566}.Release|x64.ActiveCfg = Release|x64
		{9DECEAFF-AD5B-4DFA-A839-F01B93138566}.Release|x64.Build.0 = Release|x64
		{9DECEAFF-AD5B-4DFA-A839-F01B93138566}.Release|x86.ActiveCfg = Release|Win32
		{9DECEAFF-AD5B-4DFA-A839-F01B93138566}.Release|x86.Build.0 = Release|Win32
		{6DDFBA8B-485D-4832-A20D-C3530DFF77B4}.Debug|x64.ActiveCfg = Debug|x64
		{6DDFBA8B-485D-4832-A20D-C3530DFF77B4}.Debug|x64.Build.0 = Debug|x64
		{6DDFBA8B-485D-4832-A20D-C3530DFF77B4}.Debug|x86.ActiveCfg = Debug|Win32
		{6DDFBA8B-485D-4832-A20D-C3530DFF77B4}.Debug|x86.Build.0 = Debug|Win32
		{6DDFBA8B-485D-4832-A20D-C3530DFF77B4}.Release|x64.ActiveCfg = Release|x64
		{6DDFBA8B-485D-4832-A20D-C3530DFF77B4}.Release|x64.Build.0 = Release|x64
		{6DDFBA8B-485D-4832-A20D-C3530DFF77B4}.Release|x86.ActiveCfg = Release|Win32
		{6DDFBA8B-485D-4832-A20D-C3530DFF77B4}.Release|x86.Build.0 = Release|Win32
		{89183796-378B-4A65-8873-DB1E3F24C1C3}.Debug|x64.ActiveCfg = Debug|x64
		{89183796-378B-4A65-8873-DB1E3F24C1C3}.Debug|x64.Build.0 = Debug|x64
		{89183796-378B-4A65-8873-DB1E3F24C1C3}.Debug|x86.ActiveCfg = Debug|Win32
		{89183796-378B-4A65-8873-DB1E3F24C1C3}.Debug|x86.Build.0 = Debug|Win32
		{89183796-378B-4A65-8873-DB1E3F24C1C3}.Release|x64.ActiveCfg = Release|x64
		{89183796-378B-4A65-8873-DB1E3F24C1C3}.Release|x64.Build.0 = Release|x64
		{89183796-378B-4A65-8873-DB1E3F24C1C3}.Release|x86.ActiveCfg = Release|Win32
		{89183796-378B-4A65-8873-DB1E3F24C1C3}.Release|x86.Build.0 = Release|Win32
		{F4C82CAE-FC3E-49EE-AE4D-482768E4B7D3}.Debug|x64.ActiveCfg = Debug|x64
		{F4C82CAE-FC3E-49EE-AE4D-482768E4B7D3}.Debug|x64.Build.0 = Debug|x64
		{F4C82CAE-FC3E-49EE-AE4D-482768E4B7D3}.Debug|x86.ActiveCfg = Debug|Win32
		{F4C82CAE-FC3E-49EE-AE4D-482768E4B7D3}.Debug|x86.Build.0 = Debug|Win32
		{F4C82CAE-FC3E-49EE-AE4D-482768E4B7D3}.Release|x64.ActiveCfg = Release|x64
		{F4C82CAE-FC3E-49EE-AE4D-482768E4B7D3}.Release|x64.Build.0 = Release|x64
		{F4C82CAE-FC3E-49EE-AE4D-482768E4B7D3}.Release|x86.ActiveCfg = Release|Win32
		{F4C82CAE-FC3E-49EE-AE4D-482768E4B7D3}.Release|x86.Build.0 = Release|Win32
		{E5DC088D-FAA3-43FD-A50B-9A6596AAEEEE}.Debug|x64.ActiveCfg = Debug|x64
		{E5DC088D-FAA3-43FD-A50B-9A6596AAEEEE}.Debug|x64.Build.0 = Debug|x64
		{E5DC088D-FAA3-43FD-A50B-9A6596AAEEEE}.Debug|x86.ActiveCfg = Debug|Win32
		{E5DC088D-FAA3-43FD-A50B-9A6596AAEEEE}.Debug|x86.Build.0 = Debug|Win32
		{E5DC088D-FAA3-43FD-A50B-9A6596AAEEEE}.Release|x64.ActiveCfg = Release|x64
		{E5DC088D-FAA3-43FD-A50B-9A6596AAEEEE}.Release|x64.Build.0 = Release|x64
		{E5DC088D-FAA3-43FD-A50B-9A6596AAEEEE}.Release|x86.ActiveCfg = Release|Win32
		{E5DC088D-FAA3-43FD-A50B-9A6596AAEEEE}.Release|x86.Build.0 = Release|Win32
		{B2FE5AB7-4C39-4F81-A219-B8DD7A1E23DD}.Debug|x64.ActiveCfg = Debug|x64
		{B2FE5AB7-4C39-4F81-A219-B8DD7A1E23DD}.Debug|x64.Build.0 = Debug|x64
		{B2FE5AB7-4C39-4F81-A219-B8DD7A1E23DD}.Debug|x86.ActiveCfg = Debug|Win32
		{B2FE5AB7-4C39-4F81-A219-B8DD7A1E23DD}.Debug|x86.Build.0 = Debug|Win32
		{B2FE5AB7-4C39-4F81-A219-B8DD7A1E23DD}.Release|x64.ActiveCfg = Release|x64
		{B2FE5AB7-4C39-4F81-A219-B8DD7A1E23DD}.Release|x64.Build.0 = Release|x64
		{B2FE5AB7-4C39-4F81-A219-B8DD7A1E23DD}.Release|x86.ActiveCfg = Release|Win32
		{B2FE5AB7-4C39-4F81-A219-B8DD7A1E23DD}.Release|x86.Build.0 = Release|Win32
		{5622F1E9-BC80-4B26-9323-F3A6B449AACE}.Debug|x64.ActiveCfg = Debug|x64
		{5622F1E9-BC80-4B26-9323-F3A6B449AACE}.Debug|x64.Build.0 = Debug|x64
		{5622F1E9-BC80-4B26-9323-F3A6B449AACE}.Debug|x86.ActiveCfg = Debug|Win32
		{5622F1E9-BC80-4B26-9323-F3A6B449AACE}.Debug|x86.Build.0 = Debug|Win32
		{5622F1E9-BC80-4B26-9323-F3A6B449AACE}.Release|x64.ActiveCfg = Release|x64
		{5622F1E9-BC80-4B26-9323-F3A6B449AACE}.Release|x64.Build.0 = Release|x64
		{5622F1E9-BC80-4B26-9323-F3A6B449AACE}.Release|x86.ActiveCfg = Release|Win32
		{5622F1E9-BC80-4B26-9323-F3A6B449AACE}.Release|x86.Build.0 = Release|Win32
		{06F86E8D-6F5C-4E91-8ECE-E8C2EED23E86}.Debug|x64.ActiveCfg = Debug|x64
		{06F86E8D-6F5C-4E91-8ECE-E8C2EED23E86}.Debug|x64.Build.0 = Debug|x64
		{06F86E8D-6F5C-4E91-8ECE-E8C2EED23E86}.Debug|x86.ActiveCfg = Debug|Win32
		{06F86E8D-6F5C-4E91-8ECE-E8C2EED23E86}.Debug|x86.Build.0 = Debug|Win32
		{06F86E8D-6F5C-4E91-8ECE-E8C2EED23E86}.Release|x64.ActiveCfg = Release|x64
		{06F86E8D-6F5C-4E91-8ECE-E8C2EED23E86}.Release|x64.Build.0 = Release|x64
		{06F86E8D-6F5C-4E91-8ECE-E8C2EED23E86}.Release|x86.ActiveCfg = Release|Win32
		{06F86E8D-6F5C-4E91-8ECE-E8C2EED23E86}.Release|x86.Build.0 = Release|Win32
		{C99DA929-BBA2-4B46-B368-4D6C37EC510B}.Debug|x64.ActiveCfg = Debug|x64
		{C99DA929-BBA2-4B46-B368-4D6C37EC510B}.Debug|x64.Build.0 = Debug|x64
		{C99DA929-BBA2-4B46-B368-4D6C37EC510B}.Debug|x86.ActiveCfg = Debug|Win32
		{C99DA929-BBA2-4B46-B368-4D6C37EC510B}.Debug|x86.Build.0 = Debug|Win32
		{C99DA929-BBA2-4B46-B368-4D6C37EC510B}.Release|x64.ActiveCfg = Release|x64
		{C99DA929-BBA2-4B46-B368-4D6C37EC510B}.Release|x64.Build.0 = Release|x64
		{C99DA929-BBA2-4B46-B368-4D6C37EC510B}.Release|x86.ActiveCfg = Release|Win32
		{C99DA929-BBA2-4B46-B368-4D6C37EC510B}.Release|x86.Build.0 = Release|Win32
		{1D4E880F-C48D-4D65-92EB-BDE303276A83}.Debug|x64.ActiveCfg = Debug|x64
		{1D4E880F-C48D-4D65-92EB-BDE303276A83}.Debug|x64.Build.0 = Debug|x64
		{1D4E880F-C48D-4D65-92EB-BDE303276A83}.Debug|x86.ActiveCfg = Debug|Win32
		{1D4E880F-C48D-4D65-92EB-BDE303276A83}.Debug|x86.Build.0 = Debug|Win32
		{1D4E880F-C48D-4D65-92EB-BDE303276A83}.Release|x64.ActiveCfg = Release|x64
		{1D4E880F-C48D-4D65-92EB-BDE303276A83}.Release|x64.Build.0 = Release|x64
		{1D4E880F-C48D-4D65-92EB-BDE303276A83}.Release|x86.ActiveCfg = Release|Win32
		{1D4E880F-C48D-4D65-92EB-BDE303276A83}.Release|x86.Build.0 = Release|Win32
		{BE86B53D-4CA9-4B23-8E3B-1175C7673990}.Debug|x64.ActiveCfg = Debug|x64
		{BE86B53D-4CA9-4B23-8E3B-1175C7673990}.Debug|x64.Build.0 = Debug|x64
		{BE86B53D-4CA9-4B23-8E3B-1175C7673990}.Debug|x86.ActiveCfg = Debug|Win32
		{BE86B53D-4CA9-4B23-8E3B-1175C7673990}.Debug|x86.Build.0 = Debug|Win32
		{BE86B53D-4CA9-4B23-8E3B-1175C7673990}.Release|x64.ActiveCfg = Release|x64
		{BE86B53D-4CA9-4B23-8E3B-1175C7673990}.Release|x64.Build.0 = Release|x64
		{BE86B53D-4CA9-4B23-8E3B-1175C7673990}.Release|x86.ActiveCfg = Release|Win32
		{BE86B53D-4CA9-4B23-8E3B-1175C7673990}.Release|x86.Build.0 = Release|Win32
		{117B34D5-8C39-40FE-9D45-F27B007EAE65}.Debug|x64.ActiveCfg = Debug|x64
		{117B34D5-8C39-40FE-9D45-F27B007EAE65}.Debug|x64.Build.0 = Debug|x64
		{117B34D5-8C39-40FE-9D45-F27B007EAE65}.Debug|x86.ActiveCfg = Debug|Win32
		{117B34D5-8C39-40FE-9D45-F27B007EAE65}.Debug|x86.Build.0 = Debug|Win32
		{117B34D5-8C39-40FE-9D45-F27B007EAE65}.Release|x64.ActiveCfg = Release|x64
		{117B34D5-8C39-40FE-9D45-F27B007EAE65}.Release|x64.Build.0 = Release|x64
		{117B34D5-8C39-40FE-9D45-F27B007EAE65}.Release|x86.ActiveCfg = Release|Win32
		{117B34D5-8C39-40FE-9D45-F27B007EAE65}.Release|x86.Build.0 = Release|Win32
		{A513BF46-3DFE-46BC-AC43-C999983ECEC2}.Debug|x64.ActiveCfg = Debug|x64
		{A513BF46-3DFE-46BC-AC43-C999983ECEC2}.Debug|x64.Build.0 = Debug|x64
		{A513BF46-3DFE-46BC-AC43-C999983ECEC2}.Debug|x86.ActiveCfg = Debug|Win32
		{A513BF46-3DFE-46BC-AC43-C999983ECEC2}.Debug|x86.Build.0 = Debug|Win32
		{A513BF46-3DFE-46BC-AC43-C999983ECEC2}.Release|x64.ActiveCfg = Release|x64
		{A513BF46-3DFE-46BC-AC43-C999983ECEC2}.Release|x64.Build.0 = Release|x64
		{A513BF46-3DFE-46BC-AC43-C999983ECEC2}.Release|x86.ActiveCfg = Release|Win32
		{A513BF46-3DFE-46BC-AC43-C999983ECEC2}.Release|x86.Build.0 = Release|Win32
		{FA61D73E-D3AB-4C18-83B5-98154220A482}.Debug|x64.ActiveCfg = Debug|x64
		{FA61D73E-D3AB-4C18-83B5-98154220A482}.Debug|x64.Build.0 = Debug|x64
		{FA61D73E-D3AB-4C18-83B5-98154220A482}.Debug|x86.ActiveCfg = Debug|Win32
		{FA61D73E-D3AB-4C18-83B5-98154220A482}.Debug|x86.Build.0 = Debug|Win32
		{FA61D73E-D3AB-4C18-83B5-98154220A482}.Release|x64.ActiveCfg = Release|x64
		{FA61D73E-D3AB-4C18-83B5-98154220A482}.Release|x64.Build.0 = Release|x64
		{FA61D73E-D3AB-4C18-83B5-98154220A482}.Release|x86.ActiveCfg = Release|Win32
		{FA61D73E-D3AB-4C18-83B5-98154220A482}.Release|x86.Build.0 = Release|Win32
		{D2211778-B316-40E0-BA4E-AD595BB8C115}.Debug|x64.ActiveCfg = Debug|x64
		{D2211778-B316-40E0-BA4E-AD595BB8C115}.Debug|x64.Build.0 = Debug|x64
		{D2211778-B316-40E0-BA4E-AD595BB8C115}.Debug|x86.ActiveCfg = Debug|Win32
		{D2211778-B316-40E0-BA4E-AD595BB8C115}.Debug|x86.Build.0 = Debug|Win32
		{D2211778-B316-40E0-BA4E-AD595BB8C115}.Release|x64.ActiveCfg = Release|x64
		{D2211778-B316-40E0-BA4E-AD595BB8C115}.Release|x64.Build.0 = Release|x64
		{D2211778-B316-40E0-BA4E-AD595BB8C115}.Release|x86.ActiveCfg = Release|Win32
		{D2211778-B316-40E0-BA4E-AD595BB8C115}.Release|x86.Build.0 = Release|Win32
		{1FF6D6B8-9F3D-49A7-B2DC-5EE2127F8AB4}.Debug|x64.ActiveCfg = Debug|x64
		{1FF6D6B8-9F3D-49A7-B2DC-5EE2127F8AB4}.Debug|x64.Build.0 = Debug|x64
		{1FF6D6B8-9F3D-49A7-B2DC-5EE2127F8AB4}.Debug|x86.ActiveCfg = Debug|Win32
		{1FF6D6B8-9F3D-49A7-B2DC-5EE2127F8AB4}.Debug|x86.Build.0 = Debug|Win32
		{1FF6D6B8-9F3D-49A7-B2DC-5EE2127F8AB4}.Release|x64.ActiveCfg = Release|x64
		{1FF6D6B8-9F3D-49A7-B2DC-5EE2127F8AB4}.Release|x64.Build.0 = Release|x64
		{1FF6D6B8-9F3D-49A7-B2DC-5EE2127F8AB4}.Release|x86.ActiveCfg = Release|Win32
		{1FF6D6B8-9F3D-49A7-B2DC-5EE2127F8AB4}.Release|x86.Build.0 = Release|Win32
		{6820BB07-C86F-453E-A8EB-19F1BE75F94A}.Debug|x64.ActiveCfg = Debug|x64
		{6820BB07-C86F-453E-A8EB-19F1BE75F94A}.Debug|x64.Build.0 = Debug|x64
		{6820BB07-C86F-453E-A8EB-19F1BE75F94A}.Debug|x86.ActiveCfg = Debug|Win32
		{6820BB07-C86F-453E-A8EB-19F1BE75F94A}.Debug|x86.Build.0 = Debug|Win32
		{6820BB07-C86F-453E-A8EB-19F1BE75F94A}.Release|x64.ActiveCfg = Release|x64
		{6820BB07-C86F-453E-A8EB-19F1BE75F94A}.Release|x64.Build.0 = Release|x64
		{6820BB07-C86F-453E-A8EB-19F1BE75F94A}.Release|x86.ActiveCfg = Release|Win32
		{6820BB07-C86F-453E-A8EB-19F1BE75F94A}.Release|x86.Build.0 = Release|Win32
		{013ED07E-8D1D-4784-8F2F-5B7D6244E9EE}.Debug|x64.ActiveCfg = Debug|x64
		{013ED07E-8D1D-4784-8F2F-5B7D6244E9EE}.Debug|x64.Build.0 = Debug|x64
		{013ED07E-8D1D-4784-8F2F-5B7D6244E9EE}.Debug|x86.ActiveCfg = Debug|Win32
		{013ED07E-8D1D-4784-8F2F-5B7D6244E9EE}.Debug|x86.Build.0 = Debug|Win32
		{013ED07E-8D1D-4784-8F2F-5B7D6244E9EE}.Release|x64.ActiveCfg = Release|x64
		{013ED07E-8D1D-4784-8F2F-5B7D6244E9EE}.Release|x64.Build.0 = Release|x64
		{013ED07E-8D1D-4784-8F2F-5B7D6244E9EE}.Release|x86.ActiveCfg = Release|Win32
		{013ED07E-8D1D-4784-8F2F-5B7D6244E9EE}.Release|x86.Build.0 = Release|Win32
		{9F01BF2E-F189-44B0-9BA0-AD44C50B6915}.Debug|x64.ActiveCfg = Debug|x64
		{9F01BF2E-F189-44B0-9BA0-AD44C50B6915}.Debug|x64.Build.0 = Debug|x64
		{9F01BF2E-F189-44B0-9BA0-AD44C50B6915}.Debug|x86.ActiveCfg = Debug|Win32
		{9F01BF2E-F189-44B0-9BA0-AD44C50B6915}.Debug|x86.Build.0 = Debug|Win32
		{9F01BF2E-F189-44B0-9BA0-AD44C50B6915}.Release|x64.ActiveCfg = Release|x64
		{9F01BF2E-F189-44B0-9BA0-AD44C50B6915}.Release|x64.Build.0 = Release|x64
		{9F01BF2E-F189-44B0-9BA0-AD44C50B6915}.Release|x86.ActiveCfg = Release|Win32
		{9F01BF2E-F189-44B0-9BA0-AD44C50B6915}.Release|x86.Build.0 = Release|Win32
		{EB5CF178-057A-43AF-95DB-B18095383F5C}.Debug|x64.ActiveCfg = Debug|x64
		{EB5CF178-057A-43AF-95DB-B18095383F5C}.Debug|x64.Build.0 = Debug|x64
		{EB5CF178-057A-43AF-95DB-B18095383F5C}.Debug|x86.ActiveCfg = Debug|Win32
		{EB5CF178-057A-43AF-95DB-B18095383F5C}.Debug|x86.Build.0 = Debug|Win32
		{EB5CF178-057A-43AF-95DB-B18095383F5C}.Release|x64.ActiveCfg = Release|x64
		{EB5CF178-057A-43AF-95DB-B18095383F5C}.Release|x64.Build.0 = Release|x64
		{EB5CF178-057A-43AF-95DB-B18095383F5C}.Release|x86.ActiveCfg = Release|Win32
		{EB5CF178-057A-43AF-95DB-B18095383F5C}.Release|x86.Build.0 = Release|Win32
		{4FC44B12-C806-49E9-9EBB-83F0EB562085}.Debug|x64.ActiveCfg = Debug|x64
		{4FC44B12-C806-49E9-9EBB-83F0EB562085}.Debug|x64.Build.0 = Debug|x64
		{4FC44B12-C806-49E9-9EBB-83F0EB562085}.Debug|x86.ActiveCfg = Debug|Win32
		{4FC44B12-C806-49E9-9EBB-83F0EB562085}.Debug|x86.Build.0 = Debug|Win32
		{4FC44B12-C806-49E9-9EBB-83F0EB562085}.Release|x64.ActiveCfg = Release|x64
		{4FC44B12-C806-49E9-9EBB-83F0EB562085}.Release|x64.Build.0 = Release|x64
		{4FC44B12-C806-49E9-9EBB-83F0EB562085}.Release|x86.ActiveCfg = Release|Win32
		{4FC44B12-C806-49E9-9EBB-83F0EB562085}.Release|x86.Build.0 = Release|Win32
		{24290A38-D567-4660-A1D3-EEAEAE7653A5}.Debug|x64.ActiveCfg = Debug|x64
		{24290A38-D567-4660-A1D3-EEAEAE7653A5}.Debug|x64.Build.0 = Debug|x64
		{24290A38-D567-4660-A1D3-EEAEAE7653A5}.Debug|x86.ActiveCfg = Debug|Win32
		{24290A38-D567-4660-A1D3-EEAEAE7653A5}.Debug|x86.Build.0 = Debug|Win32
		{24290A38-D567-4660-A1D3-EEAEAE7653A5}.Release|x64.ActiveCfg = Release|x64
		{24290A38-D567-4660-A1D3-EEAEAE7653A5}.Release|x64.Build.0 = Release|x64
		{24290A38-D567-4660-A1D3-EEAEAE7653A5}.Release|x86.ActiveCfg = Release|Win32
		{24290A38-D567-4660-A1D3-EEAEAE7653A5}.Release|x86.Build.0 = Release|Win32
		{D35BF086-656A-498B-A572-8D36C89ECA53}.Debug|x64.ActiveCfg = Debug|x64
		{D35BF086-656A-498B-A572-8D36C89ECA53}.Debug|x64.Build.0 = Debug|x64
		{D35BF086-656A-498B-A572-8D36C89ECA53}.Debug|x86.ActiveCfg = Debug|Win32
		{D35BF086-656A-498B-A572-8D36C89ECA53}.Debug|x86.Build.0 = Debug|Win32
		{D35BF086-656A-498B-A572-8D36C89ECA53}.Release|x64.ActiveCfg = Release|x64
		{D35BF086-656A-498B-A572-8D36C89ECA53}.Release|x64.Build.0 = Release|x64
		{D35BF086-656A-498B-A572-8D36C89ECA53}.Release|x86.ActiveCfg = Release|Win32
		{D35BF086-656A-498B-A572-8D36C89ECA53}.Release|x86.Build.0 = Release|Win32
		{44F4B1FF-CB9D-4381-B2B6-7BF980235075}.Debug|x64.ActiveCfg = Debug|x64
		{44F4B1FF-CB9D-4381-B2B6-7BF980235075}.Debug|x64.Build.0 = Debug|x64
		{44F4B1FF-CB9D-4381-B2B6-7BF980235075}.Debug|x86.ActiveCfg = Debug|Win32
		{44F4B1FF-CB9D-4381-B2B6-7BF980235075}.Debug|x86.Build.0 = Debug|Win32
		{44F4B1FF-CB9D-4381-B2B6-7BF980235075}.Release|x64.ActiveCfg = Release|x64
		{44F4B1FF-CB9D-4381-B2B6-7BF980235075}.Release|x64.Build.0 = Release|x64
		{44F4B1FF-CB9D-4381-B2B6-7BF980235075}.Release|x86.ActiveCfg = Release|Win32
		{44F4B1FF-CB9D-4381-B2B6-7BF980235075}.Release|x86.Build.0 = Release|Win32
		{9DC3A996-3C64-4B2F-BC4F-7FD737DEC4AA}.Debug|x64.ActiveCfg = Debug|x64
		{9DC3A996-3C64-4B2F-BC4F-7FD737DEC4AA}.Debug|x64.Build.0 = Debug|x64
		{9DC3A996-3C64-4B2F-BC4F-7FD737DEC4AA}.Debug|x86.ActiveCfg = Debug|Win32
		{9DC3A996-3C64-4B2F-BC4F-7FD737DEC4AA}.Debug|x86.Build.0 = Debug|Win32
		{9DC3A996-3C64-4B2F-BC4F-7FD737DEC4AA}.Release|x64.ActiveCfg = Release|x64
		{9DC3A996-3C64-4B2F-BC4F-7FD737DEC4AA}.Release|x64.Build.0 = Release|x64
		{9DC3A996-3C64-4B2F-BC4F-7FD737DEC4AA}.Release|x86.ActiveCfg = Release|Win32
		{9DC3A996-3C64-4B2F-BC4F-7FD737DEC4AA}.Release|x86.Build.0 = Release|Win32
		{25E3C5EE-91F4-4314-A467-6F329D8B8080}.Debug|x64.ActiveCfg = Debug|x64
		{25E3C5EE-91F4-4314-A467-6F329D8B8080}.Debug|x64.Build.0 = Debug|x64
		{25E3C5EE-91F4-4314-A467-6F329D8B8080}.Debug|x86.ActiveCfg = Debug|Win32
		{25E3C5EE-91F4-4314-A467-6F329D8B8080}.Debug|x86.Build.0 = Debug|Win32
		{25E3C5EE-91F4-4314-A467-6F329D8B8080}.Release|x64.ActiveCfg = Release|x64
		{25E3C5EE-91F4-4314-A467-6F329D8B8080}.Release|x64.Build.0 = Release|x64
		{25E3C5EE-91F4-4314-A467-6F329D8B8080}.Release|x86.ActiveCfg = Release|Win32
		{25E3C5EE-91F4-4314-A467-6F329D8B8080}.Release|x86.Build.0 = Release|Win32
		{2396B44B-D739-4011-AC9E-C18BE683AB25}.Debug|x64.ActiveCfg = Debug|x64
		{2396B44B-D739-4011-AC9E-C18BE683AB25}.Debug|x64.Build.0 = Debug|x64
		{2396B44B-D739-4011-AC9E-C18BE683AB25}.Debug|x86.ActiveCfg = Debug|Win32
		{2396B44B-D739-4011-AC9E-C18BE683AB25}.Debug|x86.Build.0 = Debug|Win32
		{2396B44B-D739-4011-AC9E-C18BE683AB25}.Release|x64.ActiveCfg = Release|x64
		{2396B44B-D739-4011-AC9E-C18BE683AB25}.Release|x64.Build.0 = Release|x64
		{2396B44B-D739-4011-AC9E-C18BE683AB25}.Release|x86.ActiveCfg = Release|Win32
		{2396B44B-D739-4011-AC9E-C18BE683AB25}.Release|x86.Build.0 = Release|Win32
		{D14C99A3-11FD-451E-89DF-8E7E75253975}.Debug|x64.ActiveCfg = Debug|x64
		{D14C99A3-11FD-451E-89DF-8E7E75253975}.Debug|x64.Build.0 = Debug|x64
		{D14C99A3-11FD-451E-89DF-8E7E75253975}.Debug|x86.ActiveCfg = Debug|Win32
		{D14C99A3-11FD-451E-89DF-8E7E75253975}.Debug|x86.Build.0 = Debug|Win32
		{D14C99A3-11FD-451E-89DF-8E7E75253975}.Release|x64.ActiveCfg = Release|x64
		{D14C99A3-11FD-451E-89DF-8E7E75253975}.Release|x64.Build.0 = Release|x64
		{D14C99A3-11FD-451E-89DF-8E7E75253975}.Release|x86.ActiveCfg = Release|Win32
		{D14C99A3-11FD-451E-89DF-8E7E75253975}.Release|x86.Build.0 = Release|Win32
		{EC174F41-4AEE-4D43-B656-EAC06182C6CF}.Debug|x64.ActiveCfg = Debug|x64
		{EC174F41-4AEE-4D43-B656-EAC06182C6CF}.Debug|x64.Build.0 = Debug|x64
		{EC174F41-4AEE-4D43-B656-EAC06182C6CF}.Debug|x86.ActiveCfg = Debug|Win32
		{EC174F41-4AEE-4D43-B656-EAC06182C6CF}.Debug|x86.Build.0 = Debug|Win32
		{EC174F41-4AEE-4D43-B656-EAC06182C6CF}.Release|x64.ActiveCfg = Release|x64
		{EC174F41-4AEE-4D43-B656-EAC06182C6CF}.Release|x64.Build.0 = Release|x64
		{EC174F41-4AEE-4D43-B656-EAC06182C6CF}.Release|x86.ActiveCfg = Release|Win32
		{EC174F41-4AEE-4D43-B656-EAC06182C6CF}.Release|x86.Build.0 = Release|Win32
		{BBC21C31-3FAF-4C84-B6DC-EDD92C9B10ED}.Debug|x64.ActiveCfg = Debug|x64
		{BBC21C31-3FAF-4C84-B6DC-EDD92C9B10ED}.Debug|x64.Build.0 = Debug|x64
		{BBC21C31-3FAF-4C84-B6DC-EDD92C9B10ED}.Debug|x86.ActiveCfg = Debug|Win32
		{BBC21C31-3FAF-4C84-B6DC-EDD92C9B10ED}.Debug|x86.Build.0 = Debug|Win32
		{BBC21C31-3FAF-4C84-B6DC-EDD92C9B10ED}.Release|x64.ActiveCfg = Release|x64
		{BBC21C31-3FAF-4C84-B6DC-EDD92C9B10ED}.Release|x64.Build.0 = Release|x64
		{BBC21C31-3FAF-4C84-B6DC-EDD92C9B10ED}.Release|x86.ActiveCfg = Release|Win32
		{BBC21C31-3FAF-4C84-B6DC-EDD92C9B10ED}.Release|x86.Build.0 = Release|Win32
		{9DD9B18E-4516-4993-8A68-BD1E0ECE00A9}.Debug|x64.ActiveCfg = Debug|x64
		{9DD9B18E-4516-4993-8A68-BD1E0ECE00A9}.Debug|x64.Build.0 = Debug|x64
		{9DD9B18E-4516-4993-8A68-BD1E0ECE00A9}.Debug|x86.ActiveCfg = Debug|Win32
		{9DD9B18E-4516-4993-8A68-BD1E0ECE00A9}.Debug|x86.Build.0 = Debug|Win32
		{9DD9B18E-4516-4993-8A68-BD1E0ECE00A9}.Release|x64.ActiveCfg = Release|x64
		{9DD9B18E-4516-4993-8A68-BD1E0ECE00A9}.Release|x64.Build.0 = Release|x64
		{9DD9B18E-4516-4993-8A68-BD1E0ECE00A9}.Release|x86.ActiveCfg = Release|Win32
		{9DD9B18E-4516-4993-8A68-BD1E0ECE00A9}.Release|x86.Build.0 = Release|Win32
		{F6419E0A-77D3-4758-B126-CE0B399538FB}.Debug|x64.ActiveCfg = Debug|x64
		{F6419E0A-77D3-4758-B126-CE0B399538FB}.Debug|x64.Build.0 = Debug|x64
		{F6419E0A-77D3-4758-B126-CE0B399538FB}.Debug|x86.ActiveCfg = Debug|Win32
		{F6419E0A-77D3-4758-B126-CE0B399538FB}.Debug|x86.Build.0 = Debug|Win32
		{F6419E0A-77D3-4758-B126-CE0B399538FB}.Release|x64.ActiveCfg = Release|x64
		{F6419E0A-77D3-4758-B126-CE0B399538FB}.Release|x64.Build.0 = Release|x64
		{F6419E0A-77D3-4758-B126-CE0B399538FB}.Release|x86.ActiveCfg = Release|Win32
		{F6419E0A-77D3-4758-B126-CE0B399538FB}.Release|x86.Build.0 = Release|Win32
		{4FC9BD2A-6D7D-4C20-ADCE-562941722D73}.Debug|x64.ActiveCfg = Debug|x64
		{4FC9BD2A-6D7D-4C20-ADCE-562941722D73}.Debug|x64.Build.0 = Debug|x64
		{4FC9BD2A-6D7D-4C20-ADCE-562941722D73}.Debug|x86.ActiveCfg = Debug|Win32
		{4FC9BD2A-6D7D-4C20-ADCE-562941722D73}.Debug|x86.Build.0 = Debug|Win32
		{4FC9BD2A-6D7D-4C20-ADCE-562941722D73}.Release|x64.ActiveCfg = Release|x64
		{4FC9BD2A-6D7D-4C20-ADCE-562941722D73}.Release|x64.Build.0 = Release|x64
		{4FC9BD2A-6D7D-4C20-ADCE-562941722D73}.Release|x86.ActiveCfg = Release|Win32
		{4FC9BD2A-6D7D-4C20-ADCE-562941722D73}.Release|x86.Build.0 = Release|Win32
		{6D19DA52-19EE-4D56-8A72-DE7F6530F87A}.Debug|x64.ActiveCfg = Debug|x64
		{6D19DA52-19EE-4D56-8A72-DE7F6530F87A}.Debug|x64.Build.0 = Debug|x64
		{6D19DA52-19EE-4D56-8A72-DE7F6530F87A}.Debug|x86.ActiveCfg = Debug|Win32
		{6D19DA52-19EE-4D56-8A72-DE7F6530F87A}.Debug|x86.Build.0 = Debug|Win32
		{6D19DA52-19EE-4D56-8A72-DE7F6530F87A}.Release|x64.ActiveCfg = Release|x64
		{6D19DA52-19EE-4D56-8A72-DE7F6530F87A}.Release|x64.Build.0 = Release|x64
		{6D19DA52-19EE-4D56-8A72-DE7F6530F87A}.Release|x86.ActiveCfg = Release|Win32
		{6D19DA52-19EE-4D56-8A72-DE7F6530F87A}.Release|x86.Build.0 = Release|Win32
		{0946C8FD-B64A-4104-9666-8B5F3C9EAC9E}.Debug|x64.ActiveCfg = Debug|x64
		{0946C8FD-B64A-4104-9666-8B5F3C9EAC9E}.Debug|x64.Build.0 = Debug|x64
		{0946C8FD-B64A-4104-9666-8B5F3C9EAC9E}.Debug|x86.ActiveCfg = Debug|Win32
		{0946C8FD-B64A-4104-9666-8B5F3C9EAC9E}.Debug|x86.Build.0 = Debug|Win32
		{0946C8FD-B64A-4104-9666-8B5F3C9EAC9E}.Release|x64.ActiveCfg = Release|x64
		{0946C8FD-B64A-4104-9666-8B5F3C9EAC9E}.Release|x64.Build.0 = Release|x64
		{0946C8FD-B64A-4104-9666-8B5F3C9EAC9E}.Release|x86.ActiveCfg = Release|Win32
		{0946C8FD-B64A-4104-9666-8B5F3C9EAC9E}.Release|x86.Build.0 = Release|Win32
		{FE5266EF-3DFA-4A2E-A333-A8B9F938E1DF}.Debug|x64.ActiveCfg = Debug|x64
		{FE5266EF-3DFA-4A2E-A333-A8B9F938E1DF}.Debug|x64.Build.0 = Debug|x64
		{FE5266EF-3DFA-4A2E-A333-A8B9F938E1DF}.Debug|x86.ActiveCfg = Debug|Win32
		{FE5266EF-3DFA-4A2E-A333-A8B9F938E1DF}.Debug|x86.Build.0 = Debug|Win32
		{FE5266EF-3DFA-4A2E-A333-A8B9F938E1DF}.Release|x64.ActiveCfg = Release|x64
		{FE5266EF-3DFA-4A2E-A333-A8B9F938E1DF}.Release|x64.Build.0 = Release|x64
		{FE5266EF-3DFA-4A2E-A333-A8B9F938E1DF}.Release|x86.ActiveCfg = Release|Win32
		{FE5266EF-3DFA-4A2E-A333-A8B9F938E1DF}.Release|x86.Build.0 = Release|Win32
		{13E81905-7785-472F-8674-30382454B4B5}.Debug|x64.ActiveCfg = Debug|x64
		{13E81905-7785-472F-8674-30382454B4B5}.Debug|x64.Build.0 = Debug|x64
		{13E81905-7785-472F-8674-30382454B4B5}.Debug|x86.ActiveCfg = Debug|Win32
		{13E81905-7785-472F-8674-30382454B4B5}.Debug|x86.Build.0 = Debug|Win32
		{13E81905-7785-472F-8674-30382454B4B5}.Release|x64.ActiveCfg = Release|x64
		{13E81905-7785-472F-8674-30382454B4B5}.Release|x64.Build.0 = Release|x64
		{13E81905-7785-472F-8674-30382454B4B5}.Release|x86.ActiveCfg = Release|Win32
		{13E81905-7785-472F-8674-30382454B4B5}.Release|x86.Build.0 = Release|Win32
		{035D7BD4-7BDA-454D-9400-5AD391F043BB}.Debug|x64.ActiveCfg = Debug|x64
		{035D7BD4-7BDA-454D-9400-5AD391F043BB}.Debug|x64.Build.0 = Debug|x64
		{035D7BD4-7BDA-454D-9400-5AD391F043BB}.Debug|x86.ActiveCfg = Debug|Win32
		{035D7BD4-7BDA-454D-9400-5AD391F043BB}.Debug|x86.Build.0 = Debug|Win32
		{035D7BD4-7BDA-454D-9400-5AD391F043BB}.Release|x64.ActiveCfg = Release|x64
		{035D7BD4-7BDA-454D-9400-5AD391F043BB}.Release|x64.Build.0 = Release|x64
		{035D7BD4-7BDA-454D-9400-5AD391F043BB}.Release|x86.ActiveCfg = Release|Win32
		{035D7BD4-7BDA-454D-9400-5AD391F043BB}.Release|x86.Build.0 = Release|Win32
		{99B7C9C6-45BB-4145-B88C-3F89E6660A06}.Debug|x64.ActiveCfg = Debug|x64
		{99B7C9C6-45BB-4145-B88C-3F89E6660A06}.Debug|x64.Build.0 = Debug|x64
		{99B7C9C6-45BB-4145-B88C-3F89E6660A06}.Debug|x86.ActiveCfg = Debug|Win32
		{99B7C9C6-45BB-4145-B88C-3F89E6660A06}.Debug|x86.Build.0 = Debug|Win32
		{99B7C9C6-45BB-4145-B88C-3F89E6660A06}.Release|x64.ActiveCfg = Release|x64
		{99B7C9C6-45BB-4145-B88C-3F89E6660A06}.Release|x64.Build.0 = Release|x64
		{99B7C9C6-45BB-4145-B88C-3F89E6660A06}.Release|x86.ActiveCfg = Release|Win32
		{99B7C9C6-45BB-4145-B88C-3F89E6660A06}.Release|x86.Build.0 = Release|Win32
		{73CB8CD9-94B5-491E-AB74-5389A2868B03}.Debug|x64.ActiveCfg = Debug|x64
		{73CB8CD9-94B5-491E-AB74-5389A2868B03}.Debug|x64.Build.0 = Debug|x64
		{73CB8CD9-94B5-491E-AB74-5389A2868B03}.Debug|x86.ActiveCfg = Debug|Win32
		{73CB8CD9-94B5-491E-AB74-5389A2868B03}.Debug|x86.Build.0 = Debug|Win32
		{73CB8CD9-94B5-491E-AB74-5389A2868B03}.Release|x64.ActiveCfg = Release|x64
		{73CB8CD9-94B5-491E-AB74-5389A2868B03}.Release|x64.Build.0 = Release|x64
		{73CB8CD9-94B5-491E-AB74-5389A2868B03}.Release|x86.ActiveCfg = Release|Win32
		{73CB8CD9-94B5-491E-AB74-5389A2868B03}.Release|x86.Build.0 = Release|Win32
	EndGlobalSection
	GlobalSection(SolutionProperties) = preSolution
		HideSolutionNode = FALSE
	EndGlobalSection
	GlobalSection(ExtensibilityGlobals) = postSolution
		SolutionGuid = {FE1E859C-B2D6-4530-B01E-F35E72A275F7}
	EndGlobalSection
EndGlobal
